// !$*UTF8*$!
{
	archiveVersion = 1;
	classes = {
	};
	objectVersion = 56;
	objects = {

/* Begin PBXBuildFile section */
		15CC9A572C1D68C4008D25BE /* CoffeeOrderApp.swift in Sources */ = {isa = PBXBuildFile; fileRef = 15CC9A562C1D68C4008D25BE /* CoffeeOrderApp.swift */; };
		15CC9A592C1D68C4008D25BE /* ContentView.swift in Sources */ = {isa = PBXBuildFile; fileRef = 15CC9A582C1D68C4008D25BE /* ContentView.swift */; };
		15CC9A5B2C1D68C5008D25BE /* Assets.xcassets in Resources */ = {isa = PBXBuildFile; fileRef = 15CC9A5A2C1D68C5008D25BE /* Assets.xcassets */; };
		15CC9A5E2C1D68C5008D25BE /* Preview Assets.xcassets in Resources */ = {isa = PBXBuildFile; fileRef = 15CC9A5D2C1D68C5008D25BE /* Preview Assets.xcassets */; };
		15CC9A662C1D6A7F008D25BE /* WebService.swift in Sources */ = {isa = PBXBuildFile; fileRef = 15CC9A652C1D6A7F008D25BE /* WebService.swift */; };
		15CC9A692C1D6AD1008D25BE /* Order.swift in Sources */ = {isa = PBXBuildFile; fileRef = 15CC9A682C1D6AD1008D25BE /* Order.swift */; };
		15CC9A6B2C1D7F77008D25BE /* CoffeeModel.swift in Sources */ = {isa = PBXBuildFile; fileRef = 15CC9A6A2C1D7F77008D25BE /* CoffeeModel.swift */; };
		15CC9A6E2C1D82E1008D25BE /* NumberFormatter.swift in Sources */ = {isa = PBXBuildFile; fileRef = 15CC9A6D2C1D82E1008D25BE /* NumberFormatter.swift */; };
		15CC9A712C1D835C008D25BE /* OrderCellView.swift in Sources */ = {isa = PBXBuildFile; fileRef = 15CC9A702C1D835C008D25BE /* OrderCellView.swift */; };
		15CC9A742C1D841D008D25BE /* AppEnvironment.swift in Sources */ = {isa = PBXBuildFile; fileRef = 15CC9A732C1D841D008D25BE /* AppEnvironment.swift */; };
/* End PBXBuildFile section */

/* Begin PBXFileReference section */
		15CC9A532C1D68C4008D25BE /* CoffeeOrder.app */ = {isa = PBXFileReference; explicitFileType = wrapper.application; includeInIndex = 0; path = CoffeeOrder.app; sourceTree = BUILT_PRODUCTS_DIR; };
		15CC9A562C1D68C4008D25BE /* CoffeeOrderApp.swift */ = {isa = PBXFileReference; lastKnownFileType = sourcecode.swift; path = CoffeeOrderApp.swift; sourceTree = "<group>"; };
		15CC9A582C1D68C4008D25BE /* ContentView.swift */ = {isa = PBXFileReference; lastKnownFileType = sourcecode.swift; path = ContentView.swift; sourceTree = "<group>"; };
		15CC9A5A2C1D68C5008D25BE /* Assets.xcassets */ = {isa = PBXFileReference; lastKnownFileType = folder.assetcatalog; path = Assets.xcassets; sourceTree = "<group>"; };
		15CC9A5D2C1D68C5008D25BE /* Preview Assets.xcassets */ = {isa = PBXFileReference; lastKnownFileType = folder.assetcatalog; path = "Preview Assets.xcassets"; sourceTree = "<group>"; };
		15CC9A652C1D6A7F008D25BE /* WebService.swift */ = {isa = PBXFileReference; lastKnownFileType = sourcecode.swift; path = WebService.swift; sourceTree = "<group>"; };
		15CC9A682C1D6AD1008D25BE /* Order.swift */ = {isa = PBXFileReference; lastKnownFileType = sourcecode.swift; path = Order.swift; sourceTree = "<group>"; };
		15CC9A6A2C1D7F77008D25BE /* CoffeeModel.swift */ = {isa = PBXFileReference; lastKnownFileType = sourcecode.swift; path = CoffeeModel.swift; sourceTree = "<group>"; };
		15CC9A6D2C1D82E1008D25BE /* NumberFormatter.swift */ = {isa = PBXFileReference; lastKnownFileType = sourcecode.swift; path = NumberFormatter.swift; sourceTree = "<group>"; };
		15CC9A702C1D835C008D25BE /* OrderCellView.swift */ = {isa = PBXFileReference; lastKnownFileType = sourcecode.swift; path = OrderCellView.swift; sourceTree = "<group>"; };
		15CC9A732C1D841D008D25BE /* AppEnvironment.swift */ = {isa = PBXFileReference; lastKnownFileType = sourcecode.swift; path = AppEnvironment.swift; sourceTree = "<group>"; };
/* End PBXFileReference section */

/* Begin PBXFrameworksBuildPhase section */
		15CC9A502C1D68C4008D25BE /* Frameworks */ = {
			isa = PBXFrameworksBuildPhase;
			buildActionMask = 2147483647;
			files = (
			);
			runOnlyForDeploymentPostprocessing = 0;
		};
/* End PBXFrameworksBuildPhase section */

/* Begin PBXGroup section */
		15CC9A4A2C1D68C4008D25BE = {
			isa = PBXGroup;
			children = (
				15CC9A552C1D68C4008D25BE /* CoffeeOrder */,
				15CC9A542C1D68C4008D25BE /* Products */,
			);
			sourceTree = "<group>";
		};
		15CC9A542C1D68C4008D25BE /* Products */ = {
			isa = PBXGroup;
			children = (
				15CC9A532C1D68C4008D25BE /* CoffeeOrder.app */,
			);
			name = Products;
			sourceTree = "<group>";
		};
		15CC9A552C1D68C4008D25BE /* CoffeeOrder */ = {
			isa = PBXGroup;
			children = (
				15CC9A722C1D8410008D25BE /* Utils */,
				15CC9A6F2C1D834E008D25BE /* Views */,
				15CC9A6C2C1D82C7008D25BE /* Extension */,
				15CC9A672C1D6AC1008D25BE /* Models */,
				15CC9A642C1D6A75008D25BE /* Services */,
				15CC9A562C1D68C4008D25BE /* CoffeeOrderApp.swift */,
				15CC9A582C1D68C4008D25BE /* ContentView.swift */,
				15CC9A5A2C1D68C5008D25BE /* Assets.xcassets */,
				15CC9A5C2C1D68C5008D25BE /* Preview Content */,
			);
			path = CoffeeOrder;
			sourceTree = "<group>";
		};
		15CC9A5C2C1D68C5008D25BE /* Preview Content */ = {
			isa = PBXGroup;
			children = (
				15CC9A5D2C1D68C5008D25BE /* Preview Assets.xcassets */,
			);
			path = "Preview Content";
			sourceTree = "<group>";
		};
		15CC9A642C1D6A75008D25BE /* Services */ = {
			isa = PBXGroup;
			children = (
				15CC9A652C1D6A7F008D25BE /* WebService.swift */,
			);
			path = Services;
			sourceTree = "<group>";
		};
		15CC9A672C1D6AC1008D25BE /* Models */ = {
			isa = PBXGroup;
			children = (
				15CC9A682C1D6AD1008D25BE /* Order.swift */,
				15CC9A6A2C1D7F77008D25BE /* CoffeeModel.swift */,
			);
			path = Models;
			sourceTree = "<group>";
		};
		15CC9A6C2C1D82C7008D25BE /* Extension */ = {
			isa = PBXGroup;
			children = (
				15CC9A6D2C1D82E1008D25BE /* NumberFormatter.swift */,
			);
			path = Extension;
			sourceTree = "<group>";
		};
		15CC9A6F2C1D834E008D25BE /* Views */ = {
			isa = PBXGroup;
			children = (
				15CC9A702C1D835C008D25BE /* OrderCellView.swift */,
			);
			path = Views;
			sourceTree = "<group>";
		};
		15CC9A722C1D8410008D25BE /* Utils */ = {
			isa = PBXGroup;
			children = (
				15CC9A732C1D841D008D25BE /* AppEnvironment.swift */,
			);
			path = Utils;
			sourceTree = "<group>";
		};
/* End PBXGroup section */

/* Begin PBXNativeTarget section */
		15CC9A522C1D68C4008D25BE /* CoffeeOrder */ = {
			isa = PBXNativeTarget;
			buildConfigurationList = 15CC9A612C1D68C5008D25BE /* Build configuration list for PBXNativeTarget "CoffeeOrder" */;
			buildPhases = (
				15CC9A4F2C1D68C4008D25BE /* Sources */,
				15CC9A502C1D68C4008D25BE /* Frameworks */,
				15CC9A512C1D68C4008D25BE /* Resources */,
			);
			buildRules = (
			);
			dependencies = (
			);
			name = CoffeeOrder;
			productName = CoffeeOrder;
			productReference = 15CC9A532C1D68C4008D25BE /* CoffeeOrder.app */;
			productType = "com.apple.product-type.application";
		};
/* End PBXNativeTarget section */

/* Begin PBXProject section */
		15CC9A4B2C1D68C4008D25BE /* Project object */ = {
			isa = PBXProject;
			attributes = {
				BuildIndependentTargetsInParallel = 1;
				LastSwiftUpdateCheck = 1540;
				LastUpgradeCheck = 1540;
				TargetAttributes = {
					15CC9A522C1D68C4008D25BE = {
						CreatedOnToolsVersion = 15.4;
					};
				};
			};
			buildConfigurationList = 15CC9A4E2C1D68C4008D25BE /* Build configuration list for PBXProject "CoffeeOrder" */;
			compatibilityVersion = "Xcode 14.0";
			developmentRegion = en;
			hasScannedForEncodings = 0;
			knownRegions = (
				en,
				Base,
			);
			mainGroup = 15CC9A4A2C1D68C4008D25BE;
			productRefGroup = 15CC9A542C1D68C4008D25BE /* Products */;
			projectDirPath = "";
			projectRoot = "";
			targets = (
				15CC9A522C1D68C4008D25BE /* CoffeeOrder */,
			);
		};
/* End PBXProject section */

/* Begin PBXResourcesBuildPhase section */
		15CC9A512C1D68C4008D25BE /* Resources */ = {
			isa = PBXResourcesBuildPhase;
			buildActionMask = 2147483647;
			files = (
				15CC9A5E2C1D68C5008D25BE /* Preview Assets.xcassets in Resources */,
				15CC9A5B2C1D68C5008D25BE /* Assets.xcassets in Resources */,
			);
			runOnlyForDeploymentPostprocessing = 0;
		};
/* End PBXResourcesBuildPhase section */

/* Begin PBXSourcesBuildPhase section */
		15CC9A4F2C1D68C4008D25BE /* Sources */ = {
			isa = PBXSourcesBuildPhase;
			buildActionMask = 2147483647;
			files = (
				15CC9A662C1D6A7F008D25BE /* WebService.swift in Sources */,
				15CC9A712C1D835C008D25BE /* OrderCellView.swift in Sources */,
				15CC9A6E2C1D82E1008D25BE /* NumberFormatter.swift in Sources */,
				15CC9A6B2C1D7F77008D25BE /* CoffeeModel.swift in Sources */,
				15CC9A592C1D68C4008D25BE /* ContentView.swift in Sources */,
				15CC9A742C1D841D008D25BE /* AppEnvironment.swift in Sources */,
				15CC9A692C1D6AD1008D25BE /* Order.swift in Sources */,
				15CC9A572C1D68C4008D25BE /* CoffeeOrderApp.swift in Sources */,
			);
			runOnlyForDeploymentPostprocessing = 0;
		};
/* End PBXSourcesBuildPhase section */

/* Begin XCBuildConfiguration section */
		15CC9A5F2C1D68C5008D25BE /* Debug */ = {
			isa = XCBuildConfiguration;
			buildSettings = {
				ALWAYS_SEARCH_USER_PATHS = NO;
				ASSETCATALOG_COMPILER_GENERATE_SWIFT_ASSET_SYMBOL_EXTENSIONS = YES;
				CLANG_ANALYZER_NONNULL = YES;
				CLANG_ANALYZER_NUMBER_OBJECT_CONVERSION = YES_AGGRESSIVE;
				CLANG_CXX_LANGUAGE_STANDARD = "gnu++20";
				CLANG_ENABLE_MODULES = YES;
				CLANG_ENABLE_OBJC_ARC = YES;
				CLANG_ENABLE_OBJC_WEAK = YES;
				CLANG_WARN_BLOCK_CAPTURE_AUTORELEASING = YES;
				CLANG_WARN_BOOL_CONVERSION = YES;
				CLANG_WARN_COMMA = YES;
				CLANG_WARN_CONSTANT_CONVERSION = YES;
				CLANG_WARN_DEPRECATED_OBJC_IMPLEMENTATIONS = YES;
				CLANG_WARN_DIRECT_OBJC_ISA_USAGE = YES_ERROR;
				CLANG_WARN_DOCUMENTATION_COMMENTS = YES;
				CLANG_WARN_EMPTY_BODY = YES;
				CLANG_WARN_ENUM_CONVERSION = YES;
				CLANG_WARN_INFINITE_RECURSION = YES;
				CLANG_WARN_INT_CONVERSION = YES;
				CLANG_WARN_NON_LITERAL_NULL_CONVERSION = YES;
				CLANG_WARN_OBJC_IMPLICIT_RETAIN_SELF = YES;
				CLANG_WARN_OBJC_LITERAL_CONVERSION = YES;
				CLANG_WARN_OBJC_ROOT_CLASS = YES_ERROR;
				CLANG_WARN_QUOTED_INCLUDE_IN_FRAMEWORK_HEADER = YES;
				CLANG_WARN_RANGE_LOOP_ANALYSIS = YES;
				CLANG_WARN_STRICT_PROTOTYPES = YES;
				CLANG_WARN_SUSPICIOUS_MOVE = YES;
				CLANG_WARN_UNGUARDED_AVAILABILITY = YES_AGGRESSIVE;
				CLANG_WARN_UNREACHABLE_CODE = YES;
				CLANG_WARN__DUPLICATE_METHOD_MATCH = YES;
				COPY_PHASE_STRIP = NO;
				DEBUG_INFORMATION_FORMAT = dwarf;
				ENABLE_STRICT_OBJC_MSGSEND = YES;
				ENABLE_TESTABILITY = YES;
				ENABLE_USER_SCRIPT_SANDBOXING = YES;
				GCC_C_LANGUAGE_STANDARD = gnu17;
				GCC_DYNAMIC_NO_PIC = NO;
				GCC_NO_COMMON_BLOCKS = YES;
				GCC_OPTIMIZATION_LEVEL = 0;
				GCC_PREPROCESSOR_DEFINITIONS = (
					"DEBUG=1",
					"$(inherited)",
				);
				GCC_WARN_64_TO_32_BIT_CONVERSION = YES;
				GCC_WARN_ABOUT_RETURN_TYPE = YES_ERROR;
				GCC_WARN_UNDECLARED_SELECTOR = YES;
				GCC_WARN_UNINITIALIZED_AUTOS = YES_AGGRESSIVE;
				GCC_WARN_UNUSED_FUNCTION = YES;
				GCC_WARN_UNUSED_VARIABLE = YES;
				IPHONEOS_DEPLOYMENT_TARGET = 17.5;
				LOCALIZATION_PREFERS_STRING_CATALOGS = YES;
				MTL_ENABLE_DEBUG_INFO = INCLUDE_SOURCE;
				MTL_FAST_MATH = YES;
				ONLY_ACTIVE_ARCH = YES;
				SDKROOT = iphoneos;
				SWIFT_ACTIVE_COMPILATION_CONDITIONS = "DEBUG $(inherited)";
				SWIFT_OPTIMIZATION_LEVEL = "-Onone";
			};
			name = Debug;
		};
		15CC9A602C1D68C5008D25BE /* Release */ = {
			isa = XCBuildConfiguration;
			buildSettings = {
				ALWAYS_SEARCH_USER_PATHS = NO;
				ASSETCATALOG_COMPILER_GENERATE_SWIFT_ASSET_SYMBOL_EXTENSIONS = YES;
				CLANG_ANALYZER_NONNULL = YES;
				CLANG_ANALYZER_NUMBER_OBJECT_CONVERSION = YES_AGGRESSIVE;
				CLANG_CXX_LANGUAGE_STANDARD = "gnu++20";
				CLANG_ENABLE_MODULES = YES;
				CLANG_ENABLE_OBJC_ARC = YES;
				CLANG_ENABLE_OBJC_WEAK = YES;
				CLANG_WARN_BLOCK_CAPTURE_AUTORELEASING = YES;
				CLANG_WARN_BOOL_CONVERSION = YES;
				CLANG_WARN_COMMA = YES;
				CLANG_WARN_CONSTANT_CONVERSION = YES;
				CLANG_WARN_DEPRECATED_OBJC_IMPLEMENTATIONS = YES;
				CLANG_WARN_DIRECT_OBJC_ISA_USAGE = YES_ERROR;
				CLANG_WARN_DOCUMENTATION_COMMENTS = YES;
				CLANG_WARN_EMPTY_BODY = YES;
				CLANG_WARN_ENUM_CONVERSION = YES;
				CLANG_WARN_INFINITE_RECURSION = YES;
				CLANG_WARN_INT_CONVERSION = YES;
				CLANG_WARN_NON_LITERAL_NULL_CONVERSION = YES;
				CLANG_WARN_OBJC_IMPLICIT_RETAIN_SELF = YES;
				CLANG_WARN_OBJC_LITERAL_CONVERSION = YES;
				CLANG_WARN_OBJC_ROOT_CLASS = YES_ERROR;
				CLANG_WARN_QUOTED_INCLUDE_IN_FRAMEWORK_HEADER = YES;
				CLANG_WARN_RANGE_LOOP_ANALYSIS = YES;
				CLANG_WARN_STRICT_PROTOTYPES = YES;
				CLANG_WARN_SUSPICIOUS_MOVE = YES;
				CLANG_WARN_UNGUARDED_AVAILABILITY = YES_AGGRESSIVE;
				CLANG_WARN_UNREACHABLE_CODE = YES;
				CLANG_WARN__DUPLICATE_METHOD_MATCH = YES;
				COPY_PHASE_STRIP = NO;
				DEBUG_INFORMATION_FORMAT = "dwarf-with-dsym";
				ENABLE_NS_ASSERTIONS = NO;
				ENABLE_STRICT_OBJC_MSGSEND = YES;
				ENABLE_USER_SCRIPT_SANDBOXING = YES;
				GCC_C_LANGUAGE_STANDARD = gnu17;
				GCC_NO_COMMON_BLOCKS = YES;
				GCC_WARN_64_TO_32_BIT_CONVERSION = YES;
				GCC_WARN_ABOUT_RETURN_TYPE = YES_ERROR;
				GCC_WARN_UNDECLARED_SELECTOR = YES;
				GCC_WARN_UNINITIALIZED_AUTOS = YES_AGGRESSIVE;
				GCC_WARN_UNUSED_FUNCTION = YES;
				GCC_WARN_UNUSED_VARIABLE = YES;
				IPHONEOS_DEPLOYMENT_TARGET = 17.5;
				LOCALIZATION_PREFERS_STRING_CATALOGS = YES;
				MTL_ENABLE_DEBUG_INFO = NO;
				MTL_FAST_MATH = YES;
				SDKROOT = iphoneos;
				SWIFT_COMPILATION_MODE = wholemodule;
				VALIDATE_PRODUCT = YES;
			};
			name = Release;
		};
		15CC9A622C1D68C5008D25BE /* Debug */ = {
			isa = XCBuildConfiguration;
			buildSettings = {
				ASSETCATALOG_COMPILER_APPICON_NAME = AppIcon;
				ASSETCATALOG_COMPILER_GLOBAL_ACCENT_COLOR_NAME = AccentColor;
				CODE_SIGN_STYLE = Automatic;
				CURRENT_PROJECT_VERSION = 1;
				DEVELOPMENT_ASSET_PATHS = "\"CoffeeOrder/Preview Content\"";
				DEVELOPMENT_TEAM = 866J3ZXRZ3;
				ENABLE_PREVIEWS = YES;
				GENERATE_INFOPLIST_FILE = YES;
				INFOPLIST_KEY_UIApplicationSceneManifest_Generation = YES;
				INFOPLIST_KEY_UIApplicationSupportsIndirectInputEvents = YES;
				INFOPLIST_KEY_UILaunchScreen_Generation = YES;
				INFOPLIST_KEY_UISupportedInterfaceOrientations_iPad = "UIInterfaceOrientationPortrait UIInterfaceOrientationPortraitUpsideDown UIInterfaceOrientationLandscapeLeft UIInterfaceOrientationLandscapeRight";
				INFOPLIST_KEY_UISupportedInterfaceOrientations_iPhone = "UIInterfaceOrientationPortrait UIInterfaceOrientationLandscapeLeft UIInterfaceOrientationLandscapeRight";
				LD_RUNPATH_SEARCH_PATHS = (
					"$(inherited)",
					"@executable_path/Frameworks",
				);
				MARKETING_VERSION = 1.0;
				PRODUCT_BUNDLE_IDENTIFIER = TechTribeServices.CoffeeOrder;
				PRODUCT_NAME = "$(TARGET_NAME)";
				SWIFT_EMIT_LOC_STRINGS = YES;
				SWIFT_VERSION = 5.0;
				TARGETED_DEVICE_FAMILY = "1,2";
			};
			name = Debug;
		};
		15CC9A632C1D68C5008D25BE /* Release */ = {
			isa = XCBuildConfiguration;
			buildSettings = {
				ASSETCATALOG_COMPILER_APPICON_NAME = AppIcon;
				ASSETCATALOG_COMPILER_GLOBAL_ACCENT_COLOR_NAME = AccentColor;
				CODE_SIGN_STYLE = Automatic;
				CURRENT_PROJECT_VERSION = 1;
				DEVELOPMENT_ASSET_PATHS = "\"CoffeeOrder/Preview Content\"";
				DEVELOPMENT_TEAM = 866J3ZXRZ3;
				ENABLE_PREVIEWS = YES;
				GENERATE_INFOPLIST_FILE = YES;
				INFOPLIST_KEY_UIApplicationSceneManifest_Generation = YES;
				INFOPLIST_KEY_UIApplicationSupportsIndirectInputEvents = YES;
				INFOPLIST_KEY_UILaunchScreen_Generation = YES;
				INFOPLIST_KEY_UISupportedInterfaceOrientations_iPad = "UIInterfaceOrientationPortrait UIInterfaceOrientationPortraitUpsideDown UIInterfaceOrientationLandscapeLeft UIInterfaceOrientationLandscapeRight";
				INFOPLIST_KEY_UISupportedInterfaceOrientations_iPhone = "UIInterfaceOrientationPortrait UIInterfaceOrientationLandscapeLeft UIInterfaceOrientationLandscapeRight";
				LD_RUNPATH_SEARCH_PATHS = (
					"$(inherited)",
					"@executable_path/Frameworks",
				);
				MARKETING_VERSION = 1.0;
				PRODUCT_BUNDLE_IDENTIFIER = TechTribeServices.CoffeeOrder;
				PRODUCT_NAME = "$(TARGET_NAME)";
				SWIFT_EMIT_LOC_STRINGS = YES;
				SWIFT_VERSION = 5.0;
				TARGETED_DEVICE_FAMILY = "1,2";
			};
			name = Release;
		};
/* End XCBuildConfiguration section */

/* Begin XCConfigurationList section */
		15CC9A4E2C1D68C4008D25BE /* Build configuration list for PBXProject "CoffeeOrder" */ = {
			isa = XCConfigurationList;
			buildConfigurations = (
				15CC9A5F2C1D68C5008D25BE /* Debug */,
				15CC9A602C1D68C5008D25BE /* Release */,
			);
			defaultConfigurationIsVisible = 0;
			defaultConfigurationName = Release;
		};
		15CC9A612C1D68C5008D25BE /* Build configuration list for PBXNativeTarget "CoffeeOrder" */ = {
			isa = XCConfigurationList;
			buildConfigurations = (
				15CC9A622C1D68C5008D25BE /* Debug */,
				15CC9A632C1D68C5008D25BE /* Release */,
			);
			defaultConfigurationIsVisible = 0;
			defaultConfigurationName = Release;
		};
/* End XCConfigurationList section */
	};
	rootObject = 15CC9A4B2C1D68C4008D25BE /* Project object */;
}
